
Microsoft Visual Studio Solution File, Format Version 12.00
# Visual Studio Version 17
VisualStudioVersion = 17.7.34009.444
MinimumVisualStudioVersion = 10.0.40219.1
Project("{2150E333-8FDC-42A3-9474-1A3956D46DE8}") = "Services", "Services", "{A8AD9A73-B6CF-4148-B7A2-7E8AAFD8459D}"
EndProject
Project("{2150E333-8FDC-42A3-9474-1A3956D46DE8}") = "Catalog", "Catalog", "{80857758-3F35-44ED-940C-B455488FD660}"
EndProject
Project("{9A19103F-16F7-4668-BE54-9A1E7A4F7556}") = "CovCourse.Services.Catalog", "Services\Catalog\CovCourse.Services.Catalog\CovCourse.Services.Catalog.csproj", "{F21FA444-0726-46D3-BF44-FB9C3D64443B}"
EndProject
Project("{2150E333-8FDC-42A3-9474-1A3956D46DE8}") = "Solution Items", "Solution Items", "{E715476D-5F76-4FFA-97A7-1A083A1D7ED5}"
	ProjectSection(SolutionItems) = preProject
		Ports.md = Ports.md
	EndProjectSection
EndProject
Project("{2150E333-8FDC-42A3-9474-1A3956D46DE8}") = "Shared", "Shared", "{81774F09-06B8-4343-A29F-3FDE11B7C9AD}"
EndProject
Project("{9A19103F-16F7-4668-BE54-9A1E7A4F7556}") = "CovCourse.Shared", "Shared\CovCourse.Shared\CovCourse.Shared.csproj", "{B4E5D403-D42B-4AEA-9E02-5AA3828B83FA}"
EndProject
Project("{2150E333-8FDC-42A3-9474-1A3956D46DE8}") = "IdentityServer", "IdentityServer", "{9B439B61-B53C-47DC-8907-C108B5729799}"
EndProject
Project("{9A19103F-16F7-4668-BE54-9A1E7A4F7556}") = "CovCourse.IdentityServer", "IdentityServer\CovCourse.IdentityServer\CovCourse.IdentityServer.csproj", "{FA8CEACE-1A21-4B4C-ABD4-027904AFA346}"
EndProject
Project("{2150E333-8FDC-42A3-9474-1A3956D46DE8}") = "PhotoStock", "PhotoStock", "{4A71BC18-1DA8-4288-989E-36B4641CB064}"
EndProject
Project("{9A19103F-16F7-4668-BE54-9A1E7A4F7556}") = "CovCourse.Services.PhotoStock", "Services\PhotoStock\CovCourse.Services.PhotoStock\CovCourse.Services.PhotoStock.csproj", "{F747970D-B792-49B3-BAD9-1731A4DF4BD2}"
EndProject
Project("{2150E333-8FDC-42A3-9474-1A3956D46DE8}") = "Basket", "Basket", "{96249951-5038-427A-A21F-D36398FA4686}"
EndProject
Project("{9A19103F-16F7-4668-BE54-9A1E7A4F7556}") = "CovCourse.Services.Basket", "Services\Basket\CovCourse.Services.Basket\CovCourse.Services.Basket.csproj", "{5AC227A3-689E-48A5-BC64-65E826124DD7}"
EndProject
Project("{2150E333-8FDC-42A3-9474-1A3956D46DE8}") = "Discount", "Discount", "{2287AC87-D18E-4269-B28A-76984001980D}"
EndProject
Project("{9A19103F-16F7-4668-BE54-9A1E7A4F7556}") = "CovCourse.Services.Discount", "Services\Discount\CovCourse.Services.Discount\CovCourse.Services.Discount.csproj", "{80A77C32-7A73-4773-8F5B-8656E5B9FB86}"
EndProject
Project("{2150E333-8FDC-42A3-9474-1A3956D46DE8}") = "Order", "Order", "{C9FA7704-ADE6-42C8-BCED-B8A027030C96}"
EndProject
Project("{9A19103F-16F7-4668-BE54-9A1E7A4F7556}") = "CovCourse.Services.Order.API", "Services\Order\CovCourse.Services.Order.API\CovCourse.Services.Order.API.csproj", "{5C7D4923-CB55-46A0-B9A4-A394B2F5FBB5}"
EndProject
Project("{9A19103F-16F7-4668-BE54-9A1E7A4F7556}") = "CovCourse.Services.Order.Application", "Services\Order\CovCourse.Services.Order.Application\CovCourse.Services.Order.Application.csproj", "{3644C780-DB7F-4E99-A210-3D30B98A580E}"
EndProject
Project("{9A19103F-16F7-4668-BE54-9A1E7A4F7556}") = "CovCourse.Services.Order.Domain", "Services\Order\CovCourse.Services.Order.Domain\CovCourse.Services.Order.Domain.csproj", "{BDD44D2E-6D49-4852-920F-6C6255385F7A}"
EndProject
Project("{9A19103F-16F7-4668-BE54-9A1E7A4F7556}") = "CovCourse.Services.Order.Domain.Core", "Services\Order\CovCourse.Services.Order.Domain.Core\CovCourse.Services.Order.Domain.Core.csproj", "{F8426950-FF66-41CA-B9B8-DCB540C3021E}"
EndProject
Project("{9A19103F-16F7-4668-BE54-9A1E7A4F7556}") = "CovCourse.Services.Order.Infrastucture", "Services\Order\CovCourse.Services.Order.Infrastucture\CovCourse.Services.Order.Infrastucture.csproj", "{FA109460-EF29-487D-9E9D-88EEA5E150BA}"
EndProject
Project("{2150E333-8FDC-42A3-9474-1A3956D46DE8}") = "FakePayment", "FakePayment", "{5DA80886-5FBC-45D1-ADD8-C23E1C91A70D}"
EndProject
Project("{9A19103F-16F7-4668-BE54-9A1E7A4F7556}") = "CovCourse.Services.FakePayment", "Services\FakePayment\CovCourse.Services.FakePayment\CovCourse.Services.FakePayment.csproj", "{F12B97F8-24DA-41E3-BB3E-084EF9E473E5}"
EndProject
Project("{2150E333-8FDC-42A3-9474-1A3956D46DE8}") = "Gateways", "Gateways", "{847CD66C-0911-4FAF-A658-F8D9C009B4C1}"
EndProject
Project("{9A19103F-16F7-4668-BE54-9A1E7A4F7556}") = "CovCourse.Gateway", "Gateways\CovCourse.Gateway\CovCourse.Gateway.csproj", "{6A8AA3CF-B025-445D-8B43-D3ADD615F540}"
EndProject
Project("{2150E333-8FDC-42A3-9474-1A3956D46DE8}") = "Frontends", "Frontends", "{98B64ACA-A0C3-4BD4-B207-1F60F5004A01}"
EndProject
Project("{9A19103F-16F7-4668-BE54-9A1E7A4F7556}") = "CovCourse.Web", "Frontends\CovCourse.Web\CovCourse.Web.csproj", "{EBB06347-31D0-4F64-ACBE-A4A67AA5BBFC}"
EndProject
Global
	GlobalSection(SolutionConfigurationPlatforms) = preSolution
		Debug|Any CPU = Debug|Any CPU
		Release|Any CPU = Release|Any CPU
	EndGlobalSection
	GlobalSection(ProjectConfigurationPlatforms) = postSolution
		{F21FA444-0726-46D3-BF44-FB9C3D64443B}.Debug|Any CPU.ActiveCfg = Debug|Any CPU
		{F21FA444-0726-46D3-BF44-FB9C3D64443B}.Debug|Any CPU.Build.0 = Debug|Any CPU
		{F21FA444-0726-46D3-BF44-FB9C3D64443B}.Release|Any CPU.ActiveCfg = Release|Any CPU
		{F21FA444-0726-46D3-BF44-FB9C3D64443B}.Release|Any CPU.Build.0 = Release|Any CPU
		{B4E5D403-D42B-4AEA-9E02-5AA3828B83FA}.Debug|Any CPU.ActiveCfg = Debug|Any CPU
		{B4E5D403-D42B-4AEA-9E02-5AA3828B83FA}.Debug|Any CPU.Build.0 = Debug|Any CPU
		{B4E5D403-D42B-4AEA-9E02-5AA3828B83FA}.Release|Any CPU.ActiveCfg = Release|Any CPU
		{B4E5D403-D42B-4AEA-9E02-5AA3828B83FA}.Release|Any CPU.Build.0 = Release|Any CPU
		{FA8CEACE-1A21-4B4C-ABD4-027904AFA346}.Debug|Any CPU.ActiveCfg = Debug|Any CPU
		{FA8CEACE-1A21-4B4C-ABD4-027904AFA346}.Debug|Any CPU.Build.0 = Debug|Any CPU
		{FA8CEACE-1A21-4B4C-ABD4-027904AFA346}.Release|Any CPU.ActiveCfg = Release|Any CPU
		{FA8CEACE-1A21-4B4C-ABD4-027904AFA346}.Release|Any CPU.Build.0 = Release|Any CPU
		{F747970D-B792-49B3-BAD9-1731A4DF4BD2}.Debug|Any CPU.ActiveCfg = Debug|Any CPU
		{F747970D-B792-49B3-BAD9-1731A4DF4BD2}.Debug|Any CPU.Build.0 = Debug|Any CPU
		{F747970D-B792-49B3-BAD9-1731A4DF4BD2}.Release|Any CPU.ActiveCfg = Release|Any CPU
		{F747970D-B792-49B3-BAD9-1731A4DF4BD2}.Release|Any CPU.Build.0 = Release|Any CPU
		{5AC227A3-689E-48A5-BC64-65E826124DD7}.Debug|Any CPU.ActiveCfg = Debug|Any CPU
		{5AC227A3-689E-48A5-BC64-65E826124DD7}.Debug|Any CPU.Build.0 = Debug|Any CPU
		{5AC227A3-689E-48A5-BC64-65E826124DD7}.Release|Any CPU.ActiveCfg = Release|Any CPU
		{5AC227A3-689E-48A5-BC64-65E826124DD7}.Release|Any CPU.Build.0 = Release|Any CPU
		{80A77C32-7A73-4773-8F5B-8656E5B9FB86}.Debug|Any CPU.ActiveCfg = Debug|Any CPU
		{80A77C32-7A73-4773-8F5B-8656E5B9FB86}.Debug|Any CPU.Build.0 = Debug|Any CPU
		{80A77C32-7A73-4773-8F5B-8656E5B9FB86}.Release|Any CPU.ActiveCfg = Release|Any CPU
		{80A77C32-7A73-4773-8F5B-8656E5B9FB86}.Release|Any CPU.Build.0 = Release|Any CPU
		{5C7D4923-CB55-46A0-B9A4-A394B2F5FBB5}.Debug|Any CPU.ActiveCfg = Debug|Any CPU
		{5C7D4923-CB55-46A0-B9A4-A394B2F5FBB5}.Debug|Any CPU.Build.0 = Debug|Any CPU
		{5C7D4923-CB55-46A0-B9A4-A394B2F5FBB5}.Release|Any CPU.ActiveCfg = Release|Any CPU
		{5C7D4923-CB55-46A0-B9A4-A394B2F5FBB5}.Release|Any CPU.Build.0 = Release|Any CPU
		{3644C780-DB7F-4E99-A210-3D30B98A580E}.Debug|Any CPU.ActiveCfg = Debug|Any CPU
		{3644C780-DB7F-4E99-A210-3D30B98A580E}.Debug|Any CPU.Build.0 = Debug|Any CPU
		{3644C780-DB7F-4E99-A210-3D30B98A580E}.Release|Any CPU.ActiveCfg = Release|Any CPU
		{3644C780-DB7F-4E99-A210-3D30B98A580E}.Release|Any CPU.Build.0 = Release|Any CPU
		{BDD44D2E-6D49-4852-920F-6C6255385F7A}.Debug|Any CPU.ActiveCfg = Debug|Any CPU
		{BDD44D2E-6D49-4852-920F-6C6255385F7A}.Debug|Any CPU.Build.0 = Debug|Any CPU
		{BDD44D2E-6D49-4852-920F-6C6255385F7A}.Release|Any CPU.ActiveCfg = Release|Any CPU
		{BDD44D2E-6D49-4852-920F-6C6255385F7A}.Release|Any CPU.Build.0 = Release|Any CPU
		{F8426950-FF66-41CA-B9B8-DCB540C3021E}.Debug|Any CPU.ActiveCfg = Debug|Any CPU
		{F8426950-FF66-41CA-B9B8-DCB540C3021E}.Debug|Any CPU.Build.0 = Debug|Any CPU
		{F8426950-FF66-41CA-B9B8-DCB540C3021E}.Release|Any CPU.ActiveCfg = Release|Any CPU
		{F8426950-FF66-41CA-B9B8-DCB540C3021E}.Release|Any CPU.Build.0 = Release|Any CPU
		{FA109460-EF29-487D-9E9D-88EEA5E150BA}.Debug|Any CPU.ActiveCfg = Debug|Any CPU
		{FA109460-EF29-487D-9E9D-88EEA5E150BA}.Debug|Any CPU.Build.0 = Debug|Any CPU
		{FA109460-EF29-487D-9E9D-88EEA5E150BA}.Release|Any CPU.ActiveCfg = Release|Any CPU
		{FA109460-EF29-487D-9E9D-88EEA5E150BA}.Release|Any CPU.Build.0 = Release|Any CPU
		{F12B97F8-24DA-41E3-BB3E-084EF9E473E5}.Debug|Any CPU.ActiveCfg = Debug|Any CPU
		{F12B97F8-24DA-41E3-BB3E-084EF9E473E5}.Debug|Any CPU.Build.0 = Debug|Any CPU
		{F12B97F8-24DA-41E3-BB3E-084EF9E473E5}.Release|Any CPU.ActiveCfg = Release|Any CPU
		{F12B97F8-24DA-41E3-BB3E-084EF9E473E5}.Release|Any CPU.Build.0 = Release|Any CPU
		{6A8AA3CF-B025-445D-8B43-D3ADD615F540}.Debug|Any CPU.ActiveCfg = Debug|Any CPU
		{6A8AA3CF-B025-445D-8B43-D3ADD615F540}.Debug|Any CPU.Build.0 = Debug|Any CPU
		{6A8AA3CF-B025-445D-8B43-D3ADD615F540}.Release|Any CPU.ActiveCfg = Release|Any CPU
		{6A8AA3CF-B025-445D-8B43-D3ADD615F540}.Release|Any CPU.Build.0 = Release|Any CPU
		{EBB06347-31D0-4F64-ACBE-A4A67AA5BBFC}.Debug|Any CPU.ActiveCfg = Debug|Any CPU
		{EBB06347-31D0-4F64-ACBE-A4A67AA5BBFC}.Debug|Any CPU.Build.0 = Debug|Any CPU
		{EBB06347-31D0-4F64-ACBE-A4A67AA5BBFC}.Release|Any CPU.ActiveCfg = Release|Any CPU
		{EBB06347-31D0-4F64-ACBE-A4A67AA5BBFC}.Release|Any CPU.Build.0 = Release|Any CPU
	EndGlobalSection
	GlobalSection(SolutionProperties) = preSolution
		HideSolutionNode = FALSE
	EndGlobalSection
	GlobalSection(NestedProjects) = preSolution
		{80857758-3F35-44ED-940C-B455488FD660} = {A8AD9A73-B6CF-4148-B7A2-7E8AAFD8459D}
		{F21FA444-0726-46D3-BF44-FB9C3D64443B} = {80857758-3F35-44ED-940C-B455488FD660}
		{B4E5D403-D42B-4AEA-9E02-5AA3828B83FA} = {81774F09-06B8-4343-A29F-3FDE11B7C9AD}
		{FA8CEACE-1A21-4B4C-ABD4-027904AFA346} = {9B439B61-B53C-47DC-8907-C108B5729799}
		{4A71BC18-1DA8-4288-989E-36B4641CB064} = {A8AD9A73-B6CF-4148-B7A2-7E8AAFD8459D}
		{F747970D-B792-49B3-BAD9-1731A4DF4BD2} = {4A71BC18-1DA8-4288-989E-36B4641CB064}
		{96249951-5038-427A-A21F-D36398FA4686} = {A8AD9A73-B6CF-4148-B7A2-7E8AAFD8459D}
		{5AC227A3-689E-48A5-BC64-65E826124DD7} = {96249951-5038-427A-A21F-D36398FA4686}
		{2287AC87-D18E-4269-B28A-76984001980D} = {A8AD9A73-B6CF-4148-B7A2-7E8AAFD8459D}
		{80A77C32-7A73-4773-8F5B-8656E5B9FB86} = {2287AC87-D18E-4269-B28A-76984001980D}
		{C9FA7704-ADE6-42C8-BCED-B8A027030C96} = {A8AD9A73-B6CF-4148-B7A2-7E8AAFD8459D}
		{5C7D4923-CB55-46A0-B9A4-A394B2F5FBB5} = {C9FA7704-ADE6-42C8-BCED-B8A027030C96}
		{3644C780-DB7F-4E99-A210-3D30B98A580E} = {C9FA7704-ADE6-42C8-BCED-B8A027030C96}
		{BDD44D2E-6D49-4852-920F-6C6255385F7A} = {C9FA7704-ADE6-42C8-BCED-B8A027030C96}
		{F8426950-FF66-41CA-B9B8-DCB540C3021E} = {C9FA7704-ADE6-42C8-BCED-B8A027030C96}
		{FA109460-EF29-487D-9E9D-88EEA5E150BA} = {C9FA7704-ADE6-42C8-BCED-B8A027030C96}
		{5DA80886-5FBC-45D1-ADD8-C23E1C91A70D} = {A8AD9A73-B6CF-4148-B7A2-7E8AAFD8459D}
		{F12B97F8-24DA-41E3-BB3E-084EF9E473E5} = {5DA80886-5FBC-45D1-ADD8-C23E1C91A70D}
		{6A8AA3CF-B025-445D-8B43-D3ADD615F540} = {847CD66C-0911-4FAF-A658-F8D9C009B4C1}
		{EBB06347-31D0-4F64-ACBE-A4A67AA5BBFC} = {98B64ACA-A0C3-4BD4-B207-1F60F5004A01}
	EndGlobalSection
	GlobalSection(ExtensibilityGlobals) = postSolution
		SolutionGuid = {8F04FCF7-5FF1-4DF2-887C-783A3363C71D}
	EndGlobalSection
EndGlobal
